
Microsoft Visual Studio Solution File, Format Version 12.00
# Visual Studio Version 16
VisualStudioVersion = 16.0.30114.105
MinimumVisualStudioVersion = 10.0.40219.1
Project("{2150E333-8FDC-42A3-9474-1A3956D46DE8}") = "src", "src", "{F66B7343-F0FE-4DEF-9066-06E7EDF54AB6}"
EndProject
Project("{FAE04EC0-301F-11D3-BF4B-00C04F79EFBC}") = "GradeBook", "src\GradeBook\GradeBook.csproj", "{A00CE9FC-6843-427D-94B4-28073B4C8EB0}"
EndProject
Project("{2150E333-8FDC-42A3-9474-1A3956D46DE8}") = "test", "test", "{EEF5C02A-55E3-40B6-84EC-C39B90724967}"
EndProject
Project("{FAE04EC0-301F-11D3-BF4B-00C04F79EFBC}") = "GradeBook.Tests", "test\GradeBook.Tests\GradeBook.Tests.csproj", "{04E03072-7057-45A7-9E5F-177056B7982C}"
EndProject
Global
	GlobalSection(SolutionConfigurationPlatforms) = preSolution
		Debug|Any CPU = Debug|Any CPU
		Debug|x64 = Debug|x64
		Debug|x86 = Debug|x86
		Release|Any CPU = Release|Any CPU
		Release|x64 = Release|x64
		Release|x86 = Release|x86
	EndGlobalSection
	GlobalSection(SolutionProperties) = preSolution
		HideSolutionNode = FALSE
	EndGlobalSection
	GlobalSection(ProjectConfigurationPlatforms) = postSolution
		{A00CE9FC-6843-427D-94B4-28073B4C8EB0}.Debug|Any CPU.ActiveCfg = Debug|Any CPU
		{A00CE9FC-6843-427D-94B4-28073B4C8EB0}.Debug|Any CPU.Build.0 = Debug|Any CPU
		{A00CE9FC-6843-427D-94B4-28073B4C8EB0}.Debug|x64.ActiveCfg = Debug|Any CPU
		{A00CE9FC-6843-427D-94B4-28073B4C8EB0}.Debug|x64.Build.0 = Debug|Any CPU
		{A00CE9FC-6843-427D-94B4-28073B4C8EB0}.Debug|x86.ActiveCfg = Debug|Any CPU
		{A00CE9FC-6843-427D-94B4-28073B4C8EB0}.Debug|x86.Build.0 = Debug|Any CPU
		{A00CE9FC-6843-427D-94B4-28073B4C8EB0}.Release|Any CPU.ActiveCfg = Release|Any CPU
		{A00CE9FC-6843-427D-94B4-28073B4C8EB0}.Release|Any CPU.Build.0 = Release|Any CPU
		{A00CE9FC-6843-427D-94B4-28073B4C8EB0}.Release|x64.ActiveCfg = Release|Any CPU
		{A00CE9FC-6843-427D-94B4-28073B4C8EB0}.Release|x64.Build.0 = Release|Any CPU
		{A00CE9FC-6843-427D-94B4-28073B4C8EB0}.Release|x86.ActiveCfg = Release|Any CPU
		{A00CE9FC-6843-427D-94B4-28073B4C8EB0}.Release|x86.Build.0 = Release|Any CPU
		{04E03072-7057-45A7-9E5F-177056B7982C}.Debug|Any CPU.ActiveCfg = Debug|Any CPU
		{04E03072-7057-45A7-9E5F-177056B7982C}.Debug|Any CPU.Build.0 = Debug|Any CPU
		{04E03072-7057-45A7-9E5F-177056B7982C}.Debug|x64.ActiveCfg = Debug|Any CPU
		{04E03072-7057-45A7-9E5F-177056B7982C}.Debug|x64.Build.0 = Debug|Any CPU
		{04E03072-7057-45A7-9E5F-177056B7982C}.Debug|x86.ActiveCfg = Debug|Any CPU
		{04E03072-7057-45A7-9E5F-177056B7982C}.Debug|x86.Build.0 = Debug|Any CPU
		{04E03072-7057-45A7-9E5F-177056B7982C}.Release|Any CPU.ActiveCfg = Release|Any CPU
		{04E03072-7057-45A7-9E5F-177056B7982C}.Release|Any CPU.Build.0 = Release|Any CPU
		{04E03072-7057-45A7-9E5F-177056B7982C}.Release|x64.ActiveCfg = Release|Any CPU
		{04E03072-7057-45A7-9E5F-177056B7982C}.Release|x64.Build.0 = Release|Any CPU
		{04E03072-7057-45A7-9E5F-177056B7982C}.Release|x86.ActiveCfg = Release|Any CPU
		{04E03072-7057-45A7-9E5F-177056B7982C}.Release|x86.Build.0 = Release|Any CPU
	EndGlobalSection
	GlobalSection(NestedProjects) = preSolution
		{A00CE9FC-6843-427D-94B4-28073B4C8EB0} = {F66B7343-F0FE-4DEF-9066-06E7EDF54AB6}
		{04E03072-7057-45A7-9E5F-177056B7982C} = {EEF5C02A-55E3-40B6-84EC-C39B90724967}
	EndGlobalSection
EndGlobal
